// !$*UTF8*$!
{
	archiveVersion = 1;
	classes = {
	};
	objectVersion = 77;
	objects = {

/* Begin PBXBuildFile section */
		0801759F2DCD27E600D0919F /* DomainInterface.framework in Frameworks */ = {isa = PBXBuildFile; fileRef = 0801759E2DCD27E600D0919F /* DomainInterface.framework */; };
		080175A02DCD27E600D0919F /* DomainInterface.framework in Embed Frameworks */ = {isa = PBXBuildFile; fileRef = 0801759E2DCD27E600D0919F /* DomainInterface.framework */; settings = {ATTRIBUTES = (CodeSignOnCopy, RemoveHeadersOnCopy, ); }; };
		084A25522DB93BC500C395C0 /* Domain.framework in Frameworks */ = {isa = PBXBuildFile; fileRef = 084A25512DB93BC500C395C0 /* Domain.framework */; };
		084A25532DB93BC500C395C0 /* Domain.framework in Embed Frameworks */ = {isa = PBXBuildFile; fileRef = 084A25512DB93BC500C395C0 /* Domain.framework */; settings = {ATTRIBUTES = (CodeSignOnCopy, RemoveHeadersOnCopy, ); }; };
		084A25552DB93BC800C395C0 /* Data.framework in Frameworks */ = {isa = PBXBuildFile; fileRef = 084A25542DB93BC800C395C0 /* Data.framework */; };
		084A25562DB93BC800C395C0 /* Data.framework in Embed Frameworks */ = {isa = PBXBuildFile; fileRef = 084A25542DB93BC800C395C0 /* Data.framework */; settings = {ATTRIBUTES = (CodeSignOnCopy, RemoveHeadersOnCopy, ); }; };
		084A25D72DB93E2C00C395C0 /* Core.framework in Frameworks */ = {isa = PBXBuildFile; fileRef = 084A25D62DB93E2C00C395C0 /* Core.framework */; };
		084A25D82DB93E2C00C395C0 /* Core.framework in Embed Frameworks */ = {isa = PBXBuildFile; fileRef = 084A25D62DB93E2C00C395C0 /* Core.framework */; settings = {ATTRIBUTES = (CodeSignOnCopy, RemoveHeadersOnCopy, ); }; };
		0858ABFC2DCFDBF20060EBCA /* DesignSystem.framework in Frameworks */ = {isa = PBXBuildFile; fileRef = 0858ABFB2DCFDBF20060EBCA /* DesignSystem.framework */; };
		0858ABFD2DCFDBF20060EBCA /* DesignSystem.framework in Embed Frameworks */ = {isa = PBXBuildFile; fileRef = 0858ABFB2DCFDBF20060EBCA /* DesignSystem.framework */; settings = {ATTRIBUTES = (CodeSignOnCopy, RemoveHeadersOnCopy, ); }; };
		085A7F752DAF99570046663F /* .swiftlint.yml in Resources */ = {isa = PBXBuildFile; fileRef = 085A7F742DAF99570046663F /* .swiftlint.yml */; };
		085BDF5E2DF6B6B3009CFB90 /* DataMock.framework in Frameworks */ = {isa = PBXBuildFile; fileRef = 085BDF5D2DF6B6B3009CFB90 /* DataMock.framework */; };
		085BDF5F2DF6B6B3009CFB90 /* DataMock.framework in Embed Frameworks */ = {isa = PBXBuildFile; fileRef = 085BDF5D2DF6B6B3009CFB90 /* DataMock.framework */; settings = {ATTRIBUTES = (CodeSignOnCopy, RemoveHeadersOnCopy, ); }; };
		08DA51B42E1B9827009097A6 /* FirebaseFirestore in Frameworks */ = {isa = PBXBuildFile; productRef = 08DA51B32E1B9827009097A6 /* FirebaseFirestore */; };
		08DA51B62E1B9827009097A6 /* FirebaseMessaging in Frameworks */ = {isa = PBXBuildFile; productRef = 08DA51B52E1B9827009097A6 /* FirebaseMessaging */; };
		08DA58A72E1E5BE3009097A6 /* DictionaryFeature.framework in Frameworks */ = {isa = PBXBuildFile; fileRef = 08DA58A62E1E5BE3009097A6 /* DictionaryFeature.framework */; };
		08DA58A82E1E5BE3009097A6 /* DictionaryFeature.framework in Embed Frameworks */ = {isa = PBXBuildFile; fileRef = 08DA58A62E1E5BE3009097A6 /* DictionaryFeature.framework */; settings = {ATTRIBUTES = (CodeSignOnCopy, RemoveHeadersOnCopy, ); }; };
		08DA58AA2E1E5BEB009097A6 /* DictionaryFeatureInterface.framework in Frameworks */ = {isa = PBXBuildFile; fileRef = 08DA58A92E1E5BEB009097A6 /* DictionaryFeatureInterface.framework */; };
		08DA58AB2E1E5BEB009097A6 /* DictionaryFeatureInterface.framework in Embed Frameworks */ = {isa = PBXBuildFile; fileRef = 08DA58A92E1E5BEB009097A6 /* DictionaryFeatureInterface.framework */; settings = {ATTRIBUTES = (CodeSignOnCopy, RemoveHeadersOnCopy, ); }; };
		08ED49282DCFDED4002C21A2 /* RxCocoa in Frameworks */ = {isa = PBXBuildFile; productRef = 08ED49272DCFDED4002C21A2 /* RxCocoa */; };
		08ED492A2DCFDED4002C21A2 /* RxRelay in Frameworks */ = {isa = PBXBuildFile; productRef = 08ED49292DCFDED4002C21A2 /* RxRelay */; };
		08ED492C2DCFDED4002C21A2 /* RxSwift in Frameworks */ = {isa = PBXBuildFile; productRef = 08ED492B2DCFDED4002C21A2 /* RxSwift */; };
		08ED4DB12DCFE098002C21A2 /* SnapKit in Frameworks */ = {isa = PBXBuildFile; productRef = 08ED4DB02DCFE098002C21A2 /* SnapKit */; };
		770ADB1F2E433EDA00270506 /* RxKeyboard in Frameworks */ = {isa = PBXBuildFile; productRef = 770ADB1E2E433EDA00270506 /* RxKeyboard */; };
		772199F22E0E7EC800A7B58C /* AuthFeatureInterface.framework in Frameworks */ = {isa = PBXBuildFile; fileRef = 772199F12E0E7EC800A7B58C /* AuthFeatureInterface.framework */; };
		772199F32E0E7EC800A7B58C /* AuthFeatureInterface.framework in Embed Frameworks */ = {isa = PBXBuildFile; fileRef = 772199F12E0E7EC800A7B58C /* AuthFeatureInterface.framework */; settings = {ATTRIBUTES = (CodeSignOnCopy, RemoveHeadersOnCopy, ); }; };
		7721A5042E0EE7AE00A7B58C /* BaseFeature.framework in Frameworks */ = {isa = PBXBuildFile; fileRef = 7721A5032E0EE7AE00A7B58C /* BaseFeature.framework */; };
		7721A5052E0EE7AE00A7B58C /* BaseFeature.framework in Embed Frameworks */ = {isa = PBXBuildFile; fileRef = 7721A5032E0EE7AE00A7B58C /* BaseFeature.framework */; settings = {ATTRIBUTES = (CodeSignOnCopy, RemoveHeadersOnCopy, ); }; };
		7721A5082E0EE7F100A7B58C /* ReactorKit in Frameworks */ = {isa = PBXBuildFile; productRef = 7721A5072E0EE7F100A7B58C /* ReactorKit */; };
		77660AD22DD0D361007A4EF3 /* KakaoConfig.xcconfig in Resources */ = {isa = PBXBuildFile; fileRef = 77660AD12DD0D361007A4EF3 /* KakaoConfig.xcconfig */; };
		77660AD52DD0D3DD007A4EF3 /* KakaoSDKAuth in Frameworks */ = {isa = PBXBuildFile; productRef = 77660AD42DD0D3DD007A4EF3 /* KakaoSDKAuth */; };
		77660AD72DD0D3DD007A4EF3 /* KakaoSDKUser in Frameworks */ = {isa = PBXBuildFile; productRef = 77660AD62DD0D3DD007A4EF3 /* KakaoSDKUser */; };
		7777F7022E9EAB8400F53D68 /* BookmarkFeature.framework in Frameworks */ = {isa = PBXBuildFile; fileRef = 7777F7002E9EAB8400F53D68 /* BookmarkFeature.framework */; };
		7777F7032E9EAB8400F53D68 /* BookmarkFeature.framework in Embed Frameworks */ = {isa = PBXBuildFile; fileRef = 7777F7002E9EAB8400F53D68 /* BookmarkFeature.framework */; settings = {ATTRIBUTES = (CodeSignOnCopy, RemoveHeadersOnCopy, ); }; };
		7777F7042E9EAB8400F53D68 /* BookmarkFeatureInterface.framework in Frameworks */ = {isa = PBXBuildFile; fileRef = 7777F7012E9EAB8400F53D68 /* BookmarkFeatureInterface.framework */; };
		7777F7052E9EAB8400F53D68 /* BookmarkFeatureInterface.framework in Embed Frameworks */ = {isa = PBXBuildFile; fileRef = 7777F7012E9EAB8400F53D68 /* BookmarkFeatureInterface.framework */; settings = {ATTRIBUTES = (CodeSignOnCopy, RemoveHeadersOnCopy, ); }; };
		7777F7082E9EAC0D00F53D68 /* MyPageFeature.framework in Frameworks */ = {isa = PBXBuildFile; fileRef = 7777F7062E9EAC0D00F53D68 /* MyPageFeature.framework */; };
		7777F7092E9EAC0D00F53D68 /* MyPageFeature.framework in Embed Frameworks */ = {isa = PBXBuildFile; fileRef = 7777F7062E9EAC0D00F53D68 /* MyPageFeature.framework */; settings = {ATTRIBUTES = (CodeSignOnCopy, RemoveHeadersOnCopy, ); }; };
		7777F70A2E9EAC0D00F53D68 /* MyPageFeatureInterface.framework in Frameworks */ = {isa = PBXBuildFile; fileRef = 7777F7072E9EAC0D00F53D68 /* MyPageFeatureInterface.framework */; };
		7777F70B2E9EAC0D00F53D68 /* MyPageFeatureInterface.framework in Embed Frameworks */ = {isa = PBXBuildFile; fileRef = 7777F7072E9EAC0D00F53D68 /* MyPageFeatureInterface.framework */; settings = {ATTRIBUTES = (CodeSignOnCopy, RemoveHeadersOnCopy, ); }; };
		779A490D2E1AD26700ABDE4F /* BookmarkFeature.framework in Frameworks */ = {isa = PBXBuildFile; fileRef = 779A490C2E1AD26700ABDE4F /* BookmarkFeature.framework */; };
		779A490E2E1AD26700ABDE4F /* BookmarkFeature.framework in Embed Frameworks */ = {isa = PBXBuildFile; fileRef = 779A490C2E1AD26700ABDE4F /* BookmarkFeature.framework */; settings = {ATTRIBUTES = (CodeSignOnCopy, RemoveHeadersOnCopy, ); }; };
		779A49102E1AD26D00ABDE4F /* BookmarkFeatureInterface.framework in Frameworks */ = {isa = PBXBuildFile; fileRef = 779A490F2E1AD26D00ABDE4F /* BookmarkFeatureInterface.framework */; };
		779A49112E1AD26D00ABDE4F /* BookmarkFeatureInterface.framework in Embed Frameworks */ = {isa = PBXBuildFile; fileRef = 779A490F2E1AD26D00ABDE4F /* BookmarkFeatureInterface.framework */; settings = {ATTRIBUTES = (CodeSignOnCopy, RemoveHeadersOnCopy, ); }; };
		77B1F9952EE06A4E00AE4B4D /* RxGesture in Frameworks */ = {isa = PBXBuildFile; productRef = 77B1F9942EE06A4E00AE4B4D /* RxGesture */; };
		77E260412EEABEC40059E889 /* Settings.bundle in Resources */ = {isa = PBXBuildFile; fileRef = 77E260402EEABEC40059E889 /* Settings.bundle */; };
		77EB18D62DED9256004FB380 /* AuthFeature.framework in Frameworks */ = {isa = PBXBuildFile; fileRef = 77EB18D52DED9256004FB380 /* AuthFeature.framework */; };
		77EB18D72DED9256004FB380 /* AuthFeature.framework in Embed Frameworks */ = {isa = PBXBuildFile; fileRef = 77EB18D52DED9256004FB380 /* AuthFeature.framework */; settings = {ATTRIBUTES = (CodeSignOnCopy, RemoveHeadersOnCopy, ); }; };
/* End PBXBuildFile section */

/* Begin PBXContainerItemProxy section */
		77BEB0442DBA84B0002FFCFC /* PBXContainerItemProxy */ = {
			isa = PBXContainerItemProxy;
			containerPortal = 087D3EE02DA7972C002F924D /* Project object */;
			proxyType = 1;
			remoteGlobalIDString = 087D3EE72DA7972C002F924D;
			remoteInfo = MLS;
		};
/* End PBXContainerItemProxy section */

/* Begin PBXCopyFilesBuildPhase section */
		08A6761F2DB939A40028F72A /* Embed Frameworks */ = {
			isa = PBXCopyFilesBuildPhase;
			buildActionMask = 2147483647;
			dstPath = "";
			dstSubfolderSpec = 10;
			files = (
				080175A02DCD27E600D0919F /* DomainInterface.framework in Embed Frameworks */,
				7777F70B2E9EAC0D00F53D68 /* MyPageFeatureInterface.framework in Embed Frameworks */,
				779A49112E1AD26D00ABDE4F /* BookmarkFeatureInterface.framework in Embed Frameworks */,
				7777F7092E9EAC0D00F53D68 /* MyPageFeature.framework in Embed Frameworks */,
				772199F32E0E7EC800A7B58C /* AuthFeatureInterface.framework in Embed Frameworks */,
				084A25562DB93BC800C395C0 /* Data.framework in Embed Frameworks */,
				08DA58A82E1E5BE3009097A6 /* DictionaryFeature.framework in Embed Frameworks */,
				7777F7052E9EAB8400F53D68 /* BookmarkFeatureInterface.framework in Embed Frameworks */,
				08DA58AB2E1E5BEB009097A6 /* DictionaryFeatureInterface.framework in Embed Frameworks */,
				084A25D82DB93E2C00C395C0 /* Core.framework in Embed Frameworks */,
				0858ABFD2DCFDBF20060EBCA /* DesignSystem.framework in Embed Frameworks */,
				779A490E2E1AD26700ABDE4F /* BookmarkFeature.framework in Embed Frameworks */,
				084A25532DB93BC500C395C0 /* Domain.framework in Embed Frameworks */,
				085BDF5F2DF6B6B3009CFB90 /* DataMock.framework in Embed Frameworks */,
				7721A5052E0EE7AE00A7B58C /* BaseFeature.framework in Embed Frameworks */,
				77EB18D72DED9256004FB380 /* AuthFeature.framework in Embed Frameworks */,
				7777F7032E9EAB8400F53D68 /* BookmarkFeature.framework in Embed Frameworks */,
			);
			name = "Embed Frameworks";
			runOnlyForDeploymentPostprocessing = 0;
		};
/* End PBXCopyFilesBuildPhase section */

/* Begin PBXFileReference section */
		0801759E2DCD27E600D0919F /* DomainInterface.framework */ = {isa = PBXFileReference; explicitFileType = wrapper.framework; path = DomainInterface.framework; sourceTree = BUILT_PRODUCTS_DIR; };
		080D22992DB9188800294C28 /* Data.xcodeproj */ = {isa = PBXFileReference; lastKnownFileType = "wrapper.pb-project"; path = Data.xcodeproj; sourceTree = "<group>"; };
		080D229C2DB9188800294C28 /* Domain.xcodeproj */ = {isa = PBXFileReference; lastKnownFileType = "wrapper.pb-project"; path = Domain.xcodeproj; sourceTree = "<group>"; };
		080D22AA2DB9188800294C28 /* DomainInterface.xcodeproj */ = {isa = PBXFileReference; lastKnownFileType = "wrapper.pb-project"; path = DomainInterface.xcodeproj; sourceTree = "<group>"; };
		080D22AD2DB9188800294C28 /* MLSCore.xcodeproj */ = {isa = PBXFileReference; lastKnownFileType = "wrapper.pb-project"; path = MLSCore.xcodeproj; sourceTree = "<group>"; };
		080D22B62DB9188800294C28 /* Presentation.xcodeproj */ = {isa = PBXFileReference; lastKnownFileType = "wrapper.pb-project"; path = Presentation.xcodeproj; sourceTree = "<group>"; };
		080E8F9D2DAD38B80073E030 /* MLSPresentation.xcodeproj */ = {isa = PBXFileReference; lastKnownFileType = "wrapper.pb-project"; path = MLSPresentation.xcodeproj; sourceTree = "<group>"; };
		084A25322DB93A5400C395C0 /* Presentation.framework */ = {isa = PBXFileReference; explicitFileType = wrapper.framework; path = Presentation.framework; sourceTree = BUILT_PRODUCTS_DIR; };
		084A254E2DB93BC200C395C0 /* DomainInterface.framework */ = {isa = PBXFileReference; explicitFileType = wrapper.framework; path = DomainInterface.framework; sourceTree = BUILT_PRODUCTS_DIR; };
		084A25512DB93BC500C395C0 /* Domain.framework */ = {isa = PBXFileReference; explicitFileType = wrapper.framework; path = Domain.framework; sourceTree = BUILT_PRODUCTS_DIR; };
		084A25542DB93BC800C395C0 /* Data.framework */ = {isa = PBXFileReference; explicitFileType = wrapper.framework; path = Data.framework; sourceTree = BUILT_PRODUCTS_DIR; };
		084A25572DB93BCB00C395C0 /* MLSCore.framework */ = {isa = PBXFileReference; explicitFileType = wrapper.framework; path = MLSCore.framework; sourceTree = BUILT_PRODUCTS_DIR; };
		084A25D62DB93E2C00C395C0 /* Core.framework */ = {isa = PBXFileReference; explicitFileType = wrapper.framework; path = Core.framework; sourceTree = BUILT_PRODUCTS_DIR; };
		0858ABF82DCFDBD10060EBCA /* AuthFeature.framework */ = {isa = PBXFileReference; explicitFileType = wrapper.framework; path = AuthFeature.framework; sourceTree = BUILT_PRODUCTS_DIR; };
		0858ABFB2DCFDBF20060EBCA /* DesignSystem.framework */ = {isa = PBXFileReference; explicitFileType = wrapper.framework; path = DesignSystem.framework; sourceTree = BUILT_PRODUCTS_DIR; };
		085A7F742DAF99570046663F /* .swiftlint.yml */ = {isa = PBXFileReference; lastKnownFileType = text.yaml; path = .swiftlint.yml; sourceTree = "<group>"; };
		085BDF5D2DF6B6B3009CFB90 /* DataMock.framework */ = {isa = PBXFileReference; explicitFileType = wrapper.framework; path = DataMock.framework; sourceTree = BUILT_PRODUCTS_DIR; };
		087D3EE82DA7972C002F924D /* MLS.app */ = {isa = PBXFileReference; explicitFileType = wrapper.application; includeInIndex = 0; path = MLS.app; sourceTree = BUILT_PRODUCTS_DIR; };
		08DA58A62E1E5BE3009097A6 /* DictionaryFeature.framework */ = {isa = PBXFileReference; explicitFileType = wrapper.framework; path = DictionaryFeature.framework; sourceTree = BUILT_PRODUCTS_DIR; };
		08DA58A92E1E5BEB009097A6 /* DictionaryFeatureInterface.framework */ = {isa = PBXFileReference; explicitFileType = wrapper.framework; path = DictionaryFeatureInterface.framework; sourceTree = BUILT_PRODUCTS_DIR; };
		772199F12E0E7EC800A7B58C /* AuthFeatureInterface.framework */ = {isa = PBXFileReference; explicitFileType = wrapper.framework; path = AuthFeatureInterface.framework; sourceTree = BUILT_PRODUCTS_DIR; };
		7721A5032E0EE7AE00A7B58C /* BaseFeature.framework */ = {isa = PBXFileReference; explicitFileType = wrapper.framework; path = BaseFeature.framework; sourceTree = BUILT_PRODUCTS_DIR; };
		77660AD12DD0D361007A4EF3 /* KakaoConfig.xcconfig */ = {isa = PBXFileReference; lastKnownFileType = text.xcconfig; path = KakaoConfig.xcconfig; sourceTree = "<group>"; };
		7777F7002E9EAB8400F53D68 /* BookmarkFeature.framework */ = {isa = PBXFileReference; explicitFileType = wrapper.framework; path = BookmarkFeature.framework; sourceTree = BUILT_PRODUCTS_DIR; };
		7777F7012E9EAB8400F53D68 /* BookmarkFeatureInterface.framework */ = {isa = PBXFileReference; explicitFileType = wrapper.framework; path = BookmarkFeatureInterface.framework; sourceTree = BUILT_PRODUCTS_DIR; };
		7777F7062E9EAC0D00F53D68 /* MyPageFeature.framework */ = {isa = PBXFileReference; explicitFileType = wrapper.framework; path = MyPageFeature.framework; sourceTree = BUILT_PRODUCTS_DIR; };
		7777F7072E9EAC0D00F53D68 /* MyPageFeatureInterface.framework */ = {isa = PBXFileReference; explicitFileType = wrapper.framework; path = MyPageFeatureInterface.framework; sourceTree = BUILT_PRODUCTS_DIR; };
		779A490C2E1AD26700ABDE4F /* BookmarkFeature.framework */ = {isa = PBXFileReference; explicitFileType = wrapper.framework; path = BookmarkFeature.framework; sourceTree = BUILT_PRODUCTS_DIR; };
		779A490F2E1AD26D00ABDE4F /* BookmarkFeatureInterface.framework */ = {isa = PBXFileReference; explicitFileType = wrapper.framework; path = BookmarkFeatureInterface.framework; sourceTree = BUILT_PRODUCTS_DIR; };
		77BEB0402DBA84B0002FFCFC /* MLSTests.xctest */ = {isa = PBXFileReference; explicitFileType = wrapper.cfbundle; includeInIndex = 0; path = MLSTests.xctest; sourceTree = BUILT_PRODUCTS_DIR; };
		77E260402EEABEC40059E889 /* Settings.bundle */ = {isa = PBXFileReference; lastKnownFileType = "wrapper.plug-in"; name = Settings.bundle; path = MLS/Resource/Settings.bundle; sourceTree = "<group>"; };
		77EB18D52DED9256004FB380 /* AuthFeature.framework */ = {isa = PBXFileReference; explicitFileType = wrapper.framework; path = AuthFeature.framework; sourceTree = BUILT_PRODUCTS_DIR; };
/* End PBXFileReference section */

/* Begin PBXFileSystemSynchronizedBuildFileExceptionSet section */
		087D3EFA2DA7972D002F924D /* Exceptions for "MLS" folder in "MLS" target */ = {
			isa = PBXFileSystemSynchronizedBuildFileExceptionSet;
			membershipExceptions = (
				Resource/Info.plist,
			);
			target = 087D3EE72DA7972C002F924D /* MLS */;
		};
/* End PBXFileSystemSynchronizedBuildFileExceptionSet section */

/* Begin PBXFileSystemSynchronizedRootGroup section */
		087D3EEA2DA7972C002F924D /* MLS */ = {
			isa = PBXFileSystemSynchronizedRootGroup;
			exceptions = (
				087D3EFA2DA7972D002F924D /* Exceptions for "MLS" folder in "MLS" target */,
			);
			path = MLS;
			sourceTree = "<group>";
		};
		77BEB0412DBA84B0002FFCFC /* MLSTests */ = {
			isa = PBXFileSystemSynchronizedRootGroup;
			path = MLSTests;
			sourceTree = "<group>";
		};
/* End PBXFileSystemSynchronizedRootGroup section */

/* Begin PBXFrameworksBuildPhase section */
		087D3EE52DA7972C002F924D /* Frameworks */ = {
			isa = PBXFrameworksBuildPhase;
			buildActionMask = 2147483647;
			files = (
				08DA51B62E1B9827009097A6 /* FirebaseMessaging in Frameworks */,
				7777F70A2E9EAC0D00F53D68 /* MyPageFeatureInterface.framework in Frameworks */,
				770ADB1F2E433EDA00270506 /* RxKeyboard in Frameworks */,
				08ED492C2DCFDED4002C21A2 /* RxSwift in Frameworks */,
				7721A5042E0EE7AE00A7B58C /* BaseFeature.framework in Frameworks */,
				08DA58AA2E1E5BEB009097A6 /* DictionaryFeatureInterface.framework in Frameworks */,
				77B1F9952EE06A4E00AE4B4D /* RxGesture in Frameworks */,
				7721A5082E0EE7F100A7B58C /* ReactorKit in Frameworks */,
				0801759F2DCD27E600D0919F /* DomainInterface.framework in Frameworks */,
				7777F7022E9EAB8400F53D68 /* BookmarkFeature.framework in Frameworks */,
				08DA58A72E1E5BE3009097A6 /* DictionaryFeature.framework in Frameworks */,
				08DA51B42E1B9827009097A6 /* FirebaseFirestore in Frameworks */,
				7777F7042E9EAB8400F53D68 /* BookmarkFeatureInterface.framework in Frameworks */,
				084A25552DB93BC800C395C0 /* Data.framework in Frameworks */,
				084A25D72DB93E2C00C395C0 /* Core.framework in Frameworks */,
				08ED49282DCFDED4002C21A2 /* RxCocoa in Frameworks */,
				7777F7082E9EAC0D00F53D68 /* MyPageFeature.framework in Frameworks */,
				0858ABFC2DCFDBF20060EBCA /* DesignSystem.framework in Frameworks */,
				779A490D2E1AD26700ABDE4F /* BookmarkFeature.framework in Frameworks */,
				77660AD52DD0D3DD007A4EF3 /* KakaoSDKAuth in Frameworks */,
				772199F22E0E7EC800A7B58C /* AuthFeatureInterface.framework in Frameworks */,
				779A49102E1AD26D00ABDE4F /* BookmarkFeatureInterface.framework in Frameworks */,
				084A25522DB93BC500C395C0 /* Domain.framework in Frameworks */,
				77660AD72DD0D3DD007A4EF3 /* KakaoSDKUser in Frameworks */,
				085BDF5E2DF6B6B3009CFB90 /* DataMock.framework in Frameworks */,
				08ED492A2DCFDED4002C21A2 /* RxRelay in Frameworks */,
				08ED4DB12DCFE098002C21A2 /* SnapKit in Frameworks */,
				77EB18D62DED9256004FB380 /* AuthFeature.framework in Frameworks */,
			);
			runOnlyForDeploymentPostprocessing = 0;
		};
		77BEB03D2DBA84B0002FFCFC /* Frameworks */ = {
			isa = PBXFrameworksBuildPhase;
			buildActionMask = 2147483647;
			files = (
			);
			runOnlyForDeploymentPostprocessing = 0;
		};
/* End PBXFrameworksBuildPhase section */

/* Begin PBXGroup section */
		080D22BD2DB9188800294C28 /* Products */ = {
			isa = PBXGroup;
			children = (
			);
			name = Products;
			sourceTree = "<group>";
		};
		080D22BF2DB9188800294C28 /* Products */ = {
			isa = PBXGroup;
			children = (
			);
			name = Products;
			sourceTree = "<group>";
		};
		080D22C12DB9188800294C28 /* Products */ = {
			isa = PBXGroup;
			children = (
			);
			name = Products;
			sourceTree = "<group>";
		};
		080D22C32DB9188800294C28 /* Products */ = {
			isa = PBXGroup;
			children = (
			);
			name = Products;
			sourceTree = "<group>";
		};
		080D22C52DB9188800294C28 /* Products */ = {
			isa = PBXGroup;
			children = (
			);
			name = Products;
			sourceTree = "<group>";
		};
		080E8F9E2DAD38B80073E030 /* Products */ = {
			isa = PBXGroup;
			children = (
			);
			name = Products;
			sourceTree = "<group>";
		};
		084A25312DB93A5400C395C0 /* Frameworks */ = {
			isa = PBXGroup;
			children = (
				7777F7062E9EAC0D00F53D68 /* MyPageFeature.framework */,
				7777F7072E9EAC0D00F53D68 /* MyPageFeatureInterface.framework */,
				7777F7002E9EAB8400F53D68 /* BookmarkFeature.framework */,
				7777F7012E9EAB8400F53D68 /* BookmarkFeatureInterface.framework */,
				779A490F2E1AD26D00ABDE4F /* BookmarkFeatureInterface.framework */,
				779A490C2E1AD26700ABDE4F /* BookmarkFeature.framework */,
				08DA58A92E1E5BEB009097A6 /* DictionaryFeatureInterface.framework */,
				08DA58A62E1E5BE3009097A6 /* DictionaryFeature.framework */,
				7721A5032E0EE7AE00A7B58C /* BaseFeature.framework */,
				772199F12E0E7EC800A7B58C /* AuthFeatureInterface.framework */,
				085BDF5D2DF6B6B3009CFB90 /* DataMock.framework */,
				77EB18D52DED9256004FB380 /* AuthFeature.framework */,
				0858ABFB2DCFDBF20060EBCA /* DesignSystem.framework */,
				0858ABF82DCFDBD10060EBCA /* AuthFeature.framework */,
				0801759E2DCD27E600D0919F /* DomainInterface.framework */,
				084A25D62DB93E2C00C395C0 /* Core.framework */,
				084A25572DB93BCB00C395C0 /* MLSCore.framework */,
				084A25542DB93BC800C395C0 /* Data.framework */,
				084A25512DB93BC500C395C0 /* Domain.framework */,
				084A254E2DB93BC200C395C0 /* DomainInterface.framework */,
				084A25322DB93A5400C395C0 /* Presentation.framework */,
			);
			name = Frameworks;
			sourceTree = "<group>";
		};
		087D3EDF2DA7972C002F924D = {
			isa = PBXGroup;
			children = (
				77E260402EEABEC40059E889 /* Settings.bundle */,
				77660AD12DD0D361007A4EF3 /* KakaoConfig.xcconfig */,
				085A7F742DAF99570046663F /* .swiftlint.yml */,
				087D3EEA2DA7972C002F924D /* MLS */,
				77BEB0412DBA84B0002FFCFC /* MLSTests */,
				084A25312DB93A5400C395C0 /* Frameworks */,
				087D3EE92DA7972C002F924D /* Products */,
			);
			sourceTree = "<group>";
		};
		087D3EE92DA7972C002F924D /* Products */ = {
			isa = PBXGroup;
			children = (
				087D3EE82DA7972C002F924D /* MLS.app */,
				77BEB0402DBA84B0002FFCFC /* MLSTests.xctest */,
			);
			name = Products;
			sourceTree = "<group>";
		};
/* End PBXGroup section */

/* Begin PBXNativeTarget section */
		087D3EE72DA7972C002F924D /* MLS */ = {
			isa = PBXNativeTarget;
			buildConfigurationList = 087D3EFB2DA7972D002F924D /* Build configuration list for PBXNativeTarget "MLS" */;
			buildPhases = (
				085A7F722DAF98B30046663F /* ShellScript */,
				087D3EE42DA7972C002F924D /* Sources */,
				087D3EE52DA7972C002F924D /* Frameworks */,
				087D3EE62DA7972C002F924D /* Resources */,
				08A6761F2DB939A40028F72A /* Embed Frameworks */,
			);
			buildRules = (
			);
			dependencies = (
			);
			fileSystemSynchronizedGroups = (
				087D3EEA2DA7972C002F924D /* MLS */,
			);
			name = MLS;
			packageProductDependencies = (
				08ED49272DCFDED4002C21A2 /* RxCocoa */,
				08ED49292DCFDED4002C21A2 /* RxRelay */,
				08ED492B2DCFDED4002C21A2 /* RxSwift */,
				08ED4DB02DCFE098002C21A2 /* SnapKit */,
				77660AD42DD0D3DD007A4EF3 /* KakaoSDKAuth */,
				77660AD62DD0D3DD007A4EF3 /* KakaoSDKUser */,
				7721A5072E0EE7F100A7B58C /* ReactorKit */,
				08DA51B32E1B9827009097A6 /* FirebaseFirestore */,
				08DA51B52E1B9827009097A6 /* FirebaseMessaging */,
				770ADB1E2E433EDA00270506 /* RxKeyboard */,
				77B1F9942EE06A4E00AE4B4D /* RxGesture */,
			);
			productName = MLS;
			productReference = 087D3EE82DA7972C002F924D /* MLS.app */;
			productType = "com.apple.product-type.application";
		};
		77BEB03F2DBA84B0002FFCFC /* MLSTests */ = {
			isa = PBXNativeTarget;
			buildConfigurationList = 77BEB0482DBA84B0002FFCFC /* Build configuration list for PBXNativeTarget "MLSTests" */;
			buildPhases = (
				77BEB03C2DBA84B0002FFCFC /* Sources */,
				77BEB03D2DBA84B0002FFCFC /* Frameworks */,
				77BEB03E2DBA84B0002FFCFC /* Resources */,
			);
			buildRules = (
			);
			dependencies = (
				77BEB0452DBA84B0002FFCFC /* PBXTargetDependency */,
			);
			fileSystemSynchronizedGroups = (
				77BEB0412DBA84B0002FFCFC /* MLSTests */,
			);
			name = MLSTests;
			packageProductDependencies = (
			);
			productName = MLSTests;
			productReference = 77BEB0402DBA84B0002FFCFC /* MLSTests.xctest */;
			productType = "com.apple.product-type.bundle.unit-test";
		};
/* End PBXNativeTarget section */

/* Begin PBXProject section */
		087D3EE02DA7972C002F924D /* Project object */ = {
			isa = PBXProject;
			attributes = {
				BuildIndependentTargetsInParallel = 1;
				LastSwiftUpdateCheck = 1620;
				LastUpgradeCheck = 1620;
				TargetAttributes = {
					087D3EE72DA7972C002F924D = {
						CreatedOnToolsVersion = 16.2;
					};
					77BEB03F2DBA84B0002FFCFC = {
						CreatedOnToolsVersion = 16.2;
						TestTargetID = 087D3EE72DA7972C002F924D;
					};
				};
			};
			buildConfigurationList = 087D3EE32DA7972C002F924D /* Build configuration list for PBXProject "MLS" */;
			developmentRegion = en;
			hasScannedForEncodings = 0;
			knownRegions = (
				en,
				Base,
			);
			mainGroup = 087D3EDF2DA7972C002F924D;
			minimizedProjectReferenceProxies = 1;
			packageReferences = (
				08ED49202DCFDE9C002C21A2 /* XCRemoteSwiftPackageReference "RxSwift" */,
				08ED4DAF2DCFE098002C21A2 /* XCRemoteSwiftPackageReference "SnapKit" */,
				77660AD32DD0D3DD007A4EF3 /* XCRemoteSwiftPackageReference "kakao-ios-sdk" */,
				7721A5062E0EE7F100A7B58C /* XCRemoteSwiftPackageReference "ReactorKit" */,
				08DA51B22E1B9827009097A6 /* XCRemoteSwiftPackageReference "firebase-ios-sdk" */,
				770ADB1D2E433EDA00270506 /* XCRemoteSwiftPackageReference "RxKeyboard" */,
				77B1F9932EE06A4E00AE4B4D /* XCRemoteSwiftPackageReference "RxGesture" */,
			);
			preferredProjectObjectVersion = 77;
			productRefGroup = 087D3EE92DA7972C002F924D /* Products */;
			projectDirPath = "";
			projectReferences = (
				{
					ProductGroup = 080D22BD2DB9188800294C28 /* Products */;
					ProjectRef = 080D22992DB9188800294C28 /* Data.xcodeproj */;
				},
				{
					ProductGroup = 080D22C12DB9188800294C28 /* Products */;
					ProjectRef = 080D229C2DB9188800294C28 /* Domain.xcodeproj */;
				},
				{
					ProductGroup = 080D22C32DB9188800294C28 /* Products */;
					ProjectRef = 080D22AA2DB9188800294C28 /* DomainInterface.xcodeproj */;
				},
				{
					ProductGroup = 080D22BF2DB9188800294C28 /* Products */;
					ProjectRef = 080D22AD2DB9188800294C28 /* MLSCore.xcodeproj */;
				},
				{
					ProductGroup = 080E8F9E2DAD38B80073E030 /* Products */;
					ProjectRef = 080E8F9D2DAD38B80073E030 /* MLSPresentation.xcodeproj */;
				},
				{
					ProductGroup = 080D22C52DB9188800294C28 /* Products */;
					ProjectRef = 080D22B62DB9188800294C28 /* Presentation.xcodeproj */;
				},
			);
			projectRoot = "";
			targets = (
				087D3EE72DA7972C002F924D /* MLS */,
				77BEB03F2DBA84B0002FFCFC /* MLSTests */,
			);
		};
/* End PBXProject section */

/* Begin PBXResourcesBuildPhase section */
		087D3EE62DA7972C002F924D /* Resources */ = {
			isa = PBXResourcesBuildPhase;
			buildActionMask = 2147483647;
			files = (
				77E260412EEABEC40059E889 /* Settings.bundle in Resources */,
				77660AD22DD0D361007A4EF3 /* KakaoConfig.xcconfig in Resources */,
				085A7F752DAF99570046663F /* .swiftlint.yml in Resources */,
			);
			runOnlyForDeploymentPostprocessing = 0;
		};
		77BEB03E2DBA84B0002FFCFC /* Resources */ = {
			isa = PBXResourcesBuildPhase;
			buildActionMask = 2147483647;
			files = (
			);
			runOnlyForDeploymentPostprocessing = 0;
		};
/* End PBXResourcesBuildPhase section */

/* Begin PBXShellScriptBuildPhase section */
		085A7F722DAF98B30046663F /* ShellScript */ = {
			isa = PBXShellScriptBuildPhase;
			alwaysOutOfDate = 1;
			buildActionMask = 2147483647;
			files = (
			);
			inputFileListPaths = (
			);
			inputPaths = (
			);
			outputFileListPaths = (
			);
			outputPaths = (
			);
			runOnlyForDeploymentPostprocessing = 0;
			shellPath = /bin/sh;
			shellScript = "export PATH=\"$PATH:/opt/homebrew/bin\"\nif which swiftlint >/dev/null; then\n  swiftlint\nelse\n  echo \"warning: SwiftLint not installed, download from https://github.com/realm/SwiftLint\"\nfi\n";
		};
/* End PBXShellScriptBuildPhase section */

/* Begin PBXSourcesBuildPhase section */
		087D3EE42DA7972C002F924D /* Sources */ = {
			isa = PBXSourcesBuildPhase;
			buildActionMask = 2147483647;
			files = (
			);
			runOnlyForDeploymentPostprocessing = 0;
		};
		77BEB03C2DBA84B0002FFCFC /* Sources */ = {
			isa = PBXSourcesBuildPhase;
			buildActionMask = 2147483647;
			files = (
			);
			runOnlyForDeploymentPostprocessing = 0;
		};
/* End PBXSourcesBuildPhase section */

/* Begin PBXTargetDependency section */
		77BEB0452DBA84B0002FFCFC /* PBXTargetDependency */ = {
			isa = PBXTargetDependency;
			target = 087D3EE72DA7972C002F924D /* MLS */;
			targetProxy = 77BEB0442DBA84B0002FFCFC /* PBXContainerItemProxy */;
		};
/* End PBXTargetDependency section */

/* Begin XCBuildConfiguration section */
		087D3EFC2DA7972D002F924D /* Debug */ = {
			isa = XCBuildConfiguration;
			baseConfigurationReference = 77660AD12DD0D361007A4EF3 /* KakaoConfig.xcconfig */;
			buildSettings = {
				ASSETCATALOG_COMPILER_APPICON_NAME = AppIcon;
				ASSETCATALOG_COMPILER_GLOBAL_ACCENT_COLOR_NAME = AccentColor;
				CODE_SIGN_ENTITLEMENTS = MLS/MLS.entitlements;
				CODE_SIGN_IDENTITY = "Apple Development";
				"CODE_SIGN_IDENTITY[sdk=iphoneos*]" = "iPhone Developer";
				CODE_SIGN_STYLE = Manual;
				CURRENT_PROJECT_VERSION = 1;
				DEVELOPMENT_TEAM = "";
				"DEVELOPMENT_TEAM[sdk=iphoneos*]" = W5QTRMS954;
				GENERATE_INFOPLIST_FILE = YES;
				INFOPLIST_FILE = MLS/Resource/Info.plist;
				INFOPLIST_KEY_ITSAppUsesNonExemptEncryption = NO;
				INFOPLIST_KEY_UIApplicationSupportsIndirectInputEvents = YES;
				INFOPLIST_KEY_UILaunchStoryboardName = LaunchScreen;
				INFOPLIST_KEY_UISupportedInterfaceOrientations_iPad = "UIInterfaceOrientationPortrait UIInterfaceOrientationPortraitUpsideDown UIInterfaceOrientationLandscapeLeft UIInterfaceOrientationLandscapeRight";
				INFOPLIST_KEY_UISupportedInterfaceOrientations_iPhone = "UIInterfaceOrientationPortrait UIInterfaceOrientationLandscapeLeft UIInterfaceOrientationLandscapeRight";
				INFOPLIST_KEY_UIUserInterfaceStyle = Light;
				IPHONEOS_DEPLOYMENT_TARGET = 15.6;
				LD_RUNPATH_SEARCH_PATHS = (
					"$(inherited)",
					"@executable_path/Frameworks",
				);
				MACH_O_TYPE = mh_execute;
				MARKETING_VERSION = 3.0.0;
				PRODUCT_BUNDLE_IDENTIFIER = com.donggle.MLS;
				PRODUCT_NAME = "$(TARGET_NAME)";
				PROVISIONING_PROFILE_SPECIFIER = "";
				"PROVISIONING_PROFILE_SPECIFIER[sdk=iphoneos*]" = MLSProvisioningProfileDev;
				SUPPORTED_PLATFORMS = "iphoneos iphonesimulator";
				SUPPORTS_MACCATALYST = NO;
				SUPPORTS_MAC_DESIGNED_FOR_IPHONE_IPAD = NO;
				SUPPORTS_XR_DESIGNED_FOR_IPHONE_IPAD = NO;
				SWIFT_EMIT_LOC_STRINGS = YES;
				SWIFT_VERSION = 5.0;
				TARGETED_DEVICE_FAMILY = "1,2";
			};
			name = Debug;
		};
		087D3EFD2DA7972D002F924D /* Release */ = {
			isa = XCBuildConfiguration;
			baseConfigurationReference = 77660AD12DD0D361007A4EF3 /* KakaoConfig.xcconfig */;
			buildSettings = {
				ASSETCATALOG_COMPILER_APPICON_NAME = AppIcon;
				ASSETCATALOG_COMPILER_GLOBAL_ACCENT_COLOR_NAME = AccentColor;
				CODE_SIGN_ENTITLEMENTS = MLS/MLS.entitlements;
				CODE_SIGN_IDENTITY = "Apple Development";
				"CODE_SIGN_IDENTITY[sdk=iphoneos*]" = "iPhone Developer";
				CODE_SIGN_STYLE = Manual;
				CURRENT_PROJECT_VERSION = 1;
				DEVELOPMENT_TEAM = "";
				"DEVELOPMENT_TEAM[sdk=iphoneos*]" = W5QTRMS954;
				GENERATE_INFOPLIST_FILE = YES;
				INFOPLIST_FILE = MLS/Resource/Info.plist;
				INFOPLIST_KEY_ITSAppUsesNonExemptEncryption = NO;
				INFOPLIST_KEY_UIApplicationSupportsIndirectInputEvents = YES;
				INFOPLIST_KEY_UILaunchStoryboardName = LaunchScreen;
				INFOPLIST_KEY_UISupportedInterfaceOrientations_iPad = "UIInterfaceOrientationPortrait UIInterfaceOrientationPortraitUpsideDown UIInterfaceOrientationLandscapeLeft UIInterfaceOrientationLandscapeRight";
				INFOPLIST_KEY_UISupportedInterfaceOrientations_iPhone = "UIInterfaceOrientationPortrait UIInterfaceOrientationLandscapeLeft UIInterfaceOrientationLandscapeRight";
				INFOPLIST_KEY_UIUserInterfaceStyle = Light;
				IPHONEOS_DEPLOYMENT_TARGET = 15.6;
				LD_RUNPATH_SEARCH_PATHS = (
					"$(inherited)",
					"@executable_path/Frameworks",
				);
				MACH_O_TYPE = mh_execute;
				MARKETING_VERSION = 3.0.0;
				PRODUCT_BUNDLE_IDENTIFIER = com.donggle.MLS;
				PRODUCT_NAME = "$(TARGET_NAME)";
				PROVISIONING_PROFILE_SPECIFIER = "";
				"PROVISIONING_PROFILE_SPECIFIER[sdk=iphoneos*]" = MLSProvisioningProfileDev;
				SUPPORTED_PLATFORMS = "iphoneos iphonesimulator";
				SUPPORTS_MACCATALYST = NO;
				SUPPORTS_MAC_DESIGNED_FOR_IPHONE_IPAD = NO;
				SUPPORTS_XR_DESIGNED_FOR_IPHONE_IPAD = NO;
				SWIFT_EMIT_LOC_STRINGS = YES;
				SWIFT_VERSION = 5.0;
				TARGETED_DEVICE_FAMILY = "1,2";
			};
			name = Release;
		};
		087D3EFE2DA7972D002F924D /* Debug */ = {
			isa = XCBuildConfiguration;
			buildSettings = {
				ALWAYS_SEARCH_USER_PATHS = NO;
				ASSETCATALOG_COMPILER_GENERATE_SWIFT_ASSET_SYMBOL_EXTENSIONS = YES;
				CLANG_ANALYZER_NONNULL = YES;
				CLANG_ANALYZER_NUMBER_OBJECT_CONVERSION = YES_AGGRESSIVE;
				CLANG_CXX_LANGUAGE_STANDARD = "gnu++20";
				CLANG_ENABLE_MODULES = YES;
				CLANG_ENABLE_OBJC_ARC = YES;
				CLANG_ENABLE_OBJC_WEAK = YES;
				CLANG_WARN_BLOCK_CAPTURE_AUTORELEASING = YES;
				CLANG_WARN_BOOL_CONVERSION = YES;
				CLANG_WARN_COMMA = YES;
				CLANG_WARN_CONSTANT_CONVERSION = YES;
				CLANG_WARN_DEPRECATED_OBJC_IMPLEMENTATIONS = YES;
				CLANG_WARN_DIRECT_OBJC_ISA_USAGE = YES_ERROR;
				CLANG_WARN_DOCUMENTATION_COMMENTS = YES;
				CLANG_WARN_EMPTY_BODY = YES;
				CLANG_WARN_ENUM_CONVERSION = YES;
				CLANG_WARN_INFINITE_RECURSION = YES;
				CLANG_WARN_INT_CONVERSION = YES;
				CLANG_WARN_NON_LITERAL_NULL_CONVERSION = YES;
				CLANG_WARN_OBJC_IMPLICIT_RETAIN_SELF = YES;
				CLANG_WARN_OBJC_LITERAL_CONVERSION = YES;
				CLANG_WARN_OBJC_ROOT_CLASS = YES_ERROR;
				CLANG_WARN_QUOTED_INCLUDE_IN_FRAMEWORK_HEADER = YES;
				CLANG_WARN_RANGE_LOOP_ANALYSIS = YES;
				CLANG_WARN_STRICT_PROTOTYPES = YES;
				CLANG_WARN_SUSPICIOUS_MOVE = YES;
				CLANG_WARN_UNGUARDED_AVAILABILITY = YES_AGGRESSIVE;
				CLANG_WARN_UNREACHABLE_CODE = YES;
				CLANG_WARN__DUPLICATE_METHOD_MATCH = YES;
				COPY_PHASE_STRIP = NO;
				DEBUG_INFORMATION_FORMAT = dwarf;
				ENABLE_STRICT_OBJC_MSGSEND = YES;
				ENABLE_TESTABILITY = YES;
				ENABLE_USER_SCRIPT_SANDBOXING = NO;
				GCC_C_LANGUAGE_STANDARD = gnu17;
				GCC_DYNAMIC_NO_PIC = NO;
				GCC_NO_COMMON_BLOCKS = YES;
				GCC_OPTIMIZATION_LEVEL = 0;
				GCC_PREPROCESSOR_DEFINITIONS = (
					"DEBUG=1",
					"$(inherited)",
				);
				GCC_WARN_64_TO_32_BIT_CONVERSION = YES;
				GCC_WARN_ABOUT_RETURN_TYPE = YES_ERROR;
				GCC_WARN_UNDECLARED_SELECTOR = YES;
				GCC_WARN_UNINITIALIZED_AUTOS = YES_AGGRESSIVE;
				GCC_WARN_UNUSED_FUNCTION = YES;
				GCC_WARN_UNUSED_VARIABLE = YES;
				IPHONEOS_DEPLOYMENT_TARGET = 18.2;
				LOCALIZATION_PREFERS_STRING_CATALOGS = YES;
				MTL_ENABLE_DEBUG_INFO = INCLUDE_SOURCE;
				MTL_FAST_MATH = YES;
				ONLY_ACTIVE_ARCH = YES;
				SDKROOT = iphoneos;
				SWIFT_ACTIVE_COMPILATION_CONDITIONS = "DEBUG $(inherited)";
				SWIFT_OPTIMIZATION_LEVEL = "-Onone";
			};
			name = Debug;
		};
		087D3EFF2DA7972D002F924D /* Release */ = {
			isa = XCBuildConfiguration;
			buildSettings = {
				ALWAYS_SEARCH_USER_PATHS = NO;
				ASSETCATALOG_COMPILER_GENERATE_SWIFT_ASSET_SYMBOL_EXTENSIONS = YES;
				CLANG_ANALYZER_NONNULL = YES;
				CLANG_ANALYZER_NUMBER_OBJECT_CONVERSION = YES_AGGRESSIVE;
				CLANG_CXX_LANGUAGE_STANDARD = "gnu++20";
				CLANG_ENABLE_MODULES = YES;
				CLANG_ENABLE_OBJC_ARC = YES;
				CLANG_ENABLE_OBJC_WEAK = YES;
				CLANG_WARN_BLOCK_CAPTURE_AUTORELEASING = YES;
				CLANG_WARN_BOOL_CONVERSION = YES;
				CLANG_WARN_COMMA = YES;
				CLANG_WARN_CONSTANT_CONVERSION = YES;
				CLANG_WARN_DEPRECATED_OBJC_IMPLEMENTATIONS = YES;
				CLANG_WARN_DIRECT_OBJC_ISA_USAGE = YES_ERROR;
				CLANG_WARN_DOCUMENTATION_COMMENTS = YES;
				CLANG_WARN_EMPTY_BODY = YES;
				CLANG_WARN_ENUM_CONVERSION = YES;
				CLANG_WARN_INFINITE_RECURSION = YES;
				CLANG_WARN_INT_CONVERSION = YES;
				CLANG_WARN_NON_LITERAL_NULL_CONVERSION = YES;
				CLANG_WARN_OBJC_IMPLICIT_RETAIN_SELF = YES;
				CLANG_WARN_OBJC_LITERAL_CONVERSION = YES;
				CLANG_WARN_OBJC_ROOT_CLASS = YES_ERROR;
				CLANG_WARN_QUOTED_INCLUDE_IN_FRAMEWORK_HEADER = YES;
				CLANG_WARN_RANGE_LOOP_ANALYSIS = YES;
				CLANG_WARN_STRICT_PROTOTYPES = YES;
				CLANG_WARN_SUSPICIOUS_MOVE = YES;
				CLANG_WARN_UNGUARDED_AVAILABILITY = YES_AGGRESSIVE;
				CLANG_WARN_UNREACHABLE_CODE = YES;
				CLANG_WARN__DUPLICATE_METHOD_MATCH = YES;
				COPY_PHASE_STRIP = NO;
				DEBUG_INFORMATION_FORMAT = "dwarf-with-dsym";
				ENABLE_NS_ASSERTIONS = NO;
				ENABLE_STRICT_OBJC_MSGSEND = YES;
				ENABLE_USER_SCRIPT_SANDBOXING = NO;
				GCC_C_LANGUAGE_STANDARD = gnu17;
				GCC_NO_COMMON_BLOCKS = YES;
				GCC_WARN_64_TO_32_BIT_CONVERSION = YES;
				GCC_WARN_ABOUT_RETURN_TYPE = YES_ERROR;
				GCC_WARN_UNDECLARED_SELECTOR = YES;
				GCC_WARN_UNINITIALIZED_AUTOS = YES_AGGRESSIVE;
				GCC_WARN_UNUSED_FUNCTION = YES;
				GCC_WARN_UNUSED_VARIABLE = YES;
				IPHONEOS_DEPLOYMENT_TARGET = 18.2;
				LOCALIZATION_PREFERS_STRING_CATALOGS = YES;
				MTL_ENABLE_DEBUG_INFO = NO;
				MTL_FAST_MATH = YES;
				SDKROOT = iphoneos;
				SWIFT_COMPILATION_MODE = wholemodule;
				VALIDATE_PRODUCT = YES;
			};
			name = Release;
		};
		77BEB0462DBA84B0002FFCFC /* Debug */ = {
			isa = XCBuildConfiguration;
			buildSettings = {
				BUNDLE_LOADER = "$(TEST_HOST)";
				CODE_SIGN_STYLE = Automatic;
				CURRENT_PROJECT_VERSION = 1;
				ENABLE_USER_SCRIPT_SANDBOXING = YES;
				GENERATE_INFOPLIST_FILE = YES;
				MARKETING_VERSION = 1.0;
				PRODUCT_BUNDLE_IDENTIFIER = pinocchio22.MLSTests;
				PRODUCT_NAME = "$(TARGET_NAME)";
				SWIFT_EMIT_LOC_STRINGS = NO;
				SWIFT_VERSION = 5.0;
				TARGETED_DEVICE_FAMILY = "1,2";
				TEST_HOST = "$(BUILT_PRODUCTS_DIR)/MLS.app/$(BUNDLE_EXECUTABLE_FOLDER_PATH)/MLS";
			};
			name = Debug;
		};
		77BEB0472DBA84B0002FFCFC /* Release */ = {
			isa = XCBuildConfiguration;
			buildSettings = {
				BUNDLE_LOADER = "$(TEST_HOST)";
				CODE_SIGN_STYLE = Automatic;
				CURRENT_PROJECT_VERSION = 1;
				ENABLE_USER_SCRIPT_SANDBOXING = YES;
				GENERATE_INFOPLIST_FILE = YES;
				MARKETING_VERSION = 1.0;
				PRODUCT_BUNDLE_IDENTIFIER = pinocchio22.MLSTests;
				PRODUCT_NAME = "$(TARGET_NAME)";
				SWIFT_EMIT_LOC_STRINGS = NO;
				SWIFT_VERSION = 5.0;
				TARGETED_DEVICE_FAMILY = "1,2";
				TEST_HOST = "$(BUILT_PRODUCTS_DIR)/MLS.app/$(BUNDLE_EXECUTABLE_FOLDER_PATH)/MLS";
			};
			name = Release;
		};
/* End XCBuildConfiguration section */

/* Begin XCConfigurationList section */
		087D3EE32DA7972C002F924D /* Build configuration list for PBXProject "MLS" */ = {
			isa = XCConfigurationList;
			buildConfigurations = (
				087D3EFE2DA7972D002F924D /* Debug */,
				087D3EFF2DA7972D002F924D /* Release */,
			);
			defaultConfigurationIsVisible = 0;
			defaultConfigurationName = Release;
		};
		087D3EFB2DA7972D002F924D /* Build configuration list for PBXNativeTarget "MLS" */ = {
			isa = XCConfigurationList;
			buildConfigurations = (
				087D3EFC2DA7972D002F924D /* Debug */,
				087D3EFD2DA7972D002F924D /* Release */,
			);
			defaultConfigurationIsVisible = 0;
			defaultConfigurationName = Release;
		};
		77BEB0482DBA84B0002FFCFC /* Build configuration list for PBXNativeTarget "MLSTests" */ = {
			isa = XCConfigurationList;
			buildConfigurations = (
				77BEB0462DBA84B0002FFCFC /* Debug */,
				77BEB0472DBA84B0002FFCFC /* Release */,
			);
			defaultConfigurationIsVisible = 0;
			defaultConfigurationName = Release;
		};
/* End XCConfigurationList section */

/* Begin XCRemoteSwiftPackageReference section */
		08DA51B22E1B9827009097A6 /* XCRemoteSwiftPackageReference "firebase-ios-sdk" */ = {
			isa = XCRemoteSwiftPackageReference;
			repositoryURL = "https://github.com/firebase/firebase-ios-sdk.git";
			requirement = {
				kind = upToNextMajorVersion;
				minimumVersion = 11.15.0;
			};
		};
		08ED49202DCFDE9C002C21A2 /* XCRemoteSwiftPackageReference "RxSwift" */ = {
			isa = XCRemoteSwiftPackageReference;
			repositoryURL = "https://github.com/ReactiveX/RxSwift";
			requirement = {
				kind = upToNextMajorVersion;
				minimumVersion = 6.9.0;
			};
		};
		08ED4DAF2DCFE098002C21A2 /* XCRemoteSwiftPackageReference "SnapKit" */ = {
			isa = XCRemoteSwiftPackageReference;
			repositoryURL = "https://github.com/SnapKit/SnapKit.git";
			requirement = {
				kind = upToNextMajorVersion;
				minimumVersion = 5.7.1;
			};
		};
		770ADB1D2E433EDA00270506 /* XCRemoteSwiftPackageReference "RxKeyboard" */ = {
			isa = XCRemoteSwiftPackageReference;
			repositoryURL = "https://github.com/RxSwiftCommunity/RxKeyboard";
			requirement = {
				kind = upToNextMajorVersion;
				minimumVersion = 2.0.1;
			};
		};
		7721A5062E0EE7F100A7B58C /* XCRemoteSwiftPackageReference "ReactorKit" */ = {
			isa = XCRemoteSwiftPackageReference;
			repositoryURL = "https://github.com/ReactorKit/ReactorKit.git";
			requirement = {
				kind = upToNextMajorVersion;
				minimumVersion = 3.2.0;
			};
		};
		77660AD32DD0D3DD007A4EF3 /* XCRemoteSwiftPackageReference "kakao-ios-sdk" */ = {
			isa = XCRemoteSwiftPackageReference;
			repositoryURL = "https://github.com/kakao/kakao-ios-sdk";
			requirement = {
				branch = master;
				kind = branch;
			};
		};
		77B1F9932EE06A4E00AE4B4D /* XCRemoteSwiftPackageReference "RxGesture" */ = {
			isa = XCRemoteSwiftPackageReference;
			repositoryURL = "https://github.com/RxSwiftCommunity/RxGesture.git";
			requirement = {
				kind = upToNextMajorVersion;
				minimumVersion = 4.0.4;
			};
		};
/* End XCRemoteSwiftPackageReference section */

/* Begin XCSwiftPackageProductDependency section */
		08DA51B32E1B9827009097A6 /* FirebaseFirestore */ = {
			isa = XCSwiftPackageProductDependency;
			package = 08DA51B22E1B9827009097A6 /* XCRemoteSwiftPackageReference "firebase-ios-sdk" */;
			productName = FirebaseFirestore;
		};
		08DA51B52E1B9827009097A6 /* FirebaseMessaging */ = {
			isa = XCSwiftPackageProductDependency;
			package = 08DA51B22E1B9827009097A6 /* XCRemoteSwiftPackageReference "firebase-ios-sdk" */;
			productName = FirebaseMessaging;
		};
		08ED49272DCFDED4002C21A2 /* RxCocoa */ = {
			isa = XCSwiftPackageProductDependency;
			package = 08ED49202DCFDE9C002C21A2 /* XCRemoteSwiftPackageReference "RxSwift" */;
			productName = RxCocoa;
		};
		08ED49292DCFDED4002C21A2 /* RxRelay */ = {
			isa = XCSwiftPackageProductDependency;
			package = 08ED49202DCFDE9C002C21A2 /* XCRemoteSwiftPackageReference "RxSwift" */;
			productName = RxRelay;
		};
		08ED492B2DCFDED4002C21A2 /* RxSwift */ = {
			isa = XCSwiftPackageProductDependency;
			package = 08ED49202DCFDE9C002C21A2 /* XCRemoteSwiftPackageReference "RxSwift" */;
			productName = RxSwift;
		};
		08ED4DB02DCFE098002C21A2 /* SnapKit */ = {
			isa = XCSwiftPackageProductDependency;
			package = 08ED4DAF2DCFE098002C21A2 /* XCRemoteSwiftPackageReference "SnapKit" */;
			productName = SnapKit;
		};
		770ADB1E2E433EDA00270506 /* RxKeyboard */ = {
			isa = XCSwiftPackageProductDependency;
			package = 770ADB1D2E433EDA00270506 /* XCRemoteSwiftPackageReference "RxKeyboard" */;
			productName = RxKeyboard;
		};
		7721A5072E0EE7F100A7B58C /* ReactorKit */ = {
			isa = XCSwiftPackageProductDependency;
			package = 7721A5062E0EE7F100A7B58C /* XCRemoteSwiftPackageReference "ReactorKit" */;
			productName = ReactorKit;
		};
		77660AD42DD0D3DD007A4EF3 /* KakaoSDKAuth */ = {
			isa = XCSwiftPackageProductDependency;
			package = 77660AD32DD0D3DD007A4EF3 /* XCRemoteSwiftPackageReference "kakao-ios-sdk" */;
			productName = KakaoSDKAuth;
		};
		77660AD62DD0D3DD007A4EF3 /* KakaoSDKUser */ = {
			isa = XCSwiftPackageProductDependency;
			package = 77660AD32DD0D3DD007A4EF3 /* XCRemoteSwiftPackageReference "kakao-ios-sdk" */;
			productName = KakaoSDKUser;
		};
		77B1F9942EE06A4E00AE4B4D /* RxGesture */ = {
			isa = XCSwiftPackageProductDependency;
			package = 77B1F9932EE06A4E00AE4B4D /* XCRemoteSwiftPackageReference "RxGesture" */;
			productName = RxGesture;
		};
/* End XCSwiftPackageProductDependency section */
	};
	rootObject = 087D3EE02DA7972C002F924D /* Project object */;
}
